
Microsoft Visual Studio Solution File, Format Version 12.00
# Visual Studio Version 16
VisualStudioVersion = 16.0.30320.27
MinimumVisualStudioVersion = 10.0.40219.1
Project("{FAE04EC0-301F-11D3-BF4B-00C04F79EFBC}") = "Restaurante_Web", "Restaurante_Web.csproj", "{403A8F4A-EA58-4952-B87A-A5665612CE2B}"
EndProject
Project("{FAE04EC0-301F-11D3-BF4B-00C04F79EFBC}") = "CapaDatos", "..\CapaDatos\CapaDatos.csproj", "{79C498BA-141F-4448-B6AE-C37BBAA92DB0}"
EndProject
Project("{FAE04EC0-301F-11D3-BF4B-00C04F79EFBC}") = "CapaNegocio", "..\CapaNegocio\CapaNegocio.csproj", "{866B4B05-697D-4011-B31F-5B2B653DACB3}"
EndProject
Global
	GlobalSection(SolutionConfigurationPlatforms) = preSolution
		Debug|Any CPU = Debug|Any CPU
		Release|Any CPU = Release|Any CPU
	EndGlobalSection
	GlobalSection(ProjectConfigurationPlatforms) = postSolution
		{403A8F4A-EA58-4952-B87A-A5665612CE2B}.Debug|Any CPU.ActiveCfg = Debug|Any CPU
		{403A8F4A-EA58-4952-B87A-A5665612CE2B}.Debug|Any CPU.Build.0 = Debug|Any CPU
		{403A8F4A-EA58-4952-B87A-A5665612CE2B}.Release|Any CPU.ActiveCfg = Release|Any CPU
		{403A8F4A-EA58-4952-B87A-A5665612CE2B}.Release|Any CPU.Build.0 = Release|Any CPU
		{79C498BA-141F-4448-B6AE-C37BBAA92DB0}.Debug|Any CPU.ActiveCfg = Debug|Any CPU
		{79C498BA-141F-4448-B6AE-C37BBAA92DB0}.Debug|Any CPU.Build.0 = Debug|Any CPU
		{79C498BA-141F-4448-B6AE-C37BBAA92DB0}.Release|Any CPU.ActiveCfg = Release|Any CPU
		{79C498BA-141F-4448-B6AE-C37BBAA92DB0}.Release|Any CPU.Build.0 = Release|Any CPU
		{866B4B05-697D-4011-B31F-5B2B653DACB3}.Debug|Any CPU.ActiveCfg = Debug|Any CPU
		{866B4B05-697D-4011-B31F-5B2B653DACB3}.Debug|Any CPU.Build.0 = Debug|Any CPU
		{866B4B05-697D-4011-B31F-5B2B653DACB3}.Release|Any CPU.ActiveCfg = Release|Any CPU
		{866B4B05-697D-4011-B31F-5B2B653DACB3}.Release|Any CPU.Build.0 = Release|Any CPU
	EndGlobalSection
	GlobalSection(SolutionProperties) = preSolution
		HideSolutionNode = FALSE
	EndGlobalSection
	GlobalSection(ExtensibilityGlobals) = postSolution
		SolutionGuid = {7B4D66AA-1E49-4FB3-B337-1997B22C5961}
	EndGlobalSection
EndGlobal
